
Microsoft Visual Studio Solution File, Format Version 12.00
# Visual Studio Version 17
VisualStudioVersion = 17.2.32526.322
MinimumVisualStudioVersion = 10.0.40219.1
Project("{FAE04EC0-301F-11D3-BF4B-00C04F79EFBC}") = "Class(Week3)", "Class(Week3)\Class(Week3).csproj", "{62DFB77E-5B5C-4A25-BF1B-6F33A51D2E7E}"
EndProject
Global
	GlobalSection(SolutionConfigurationPlatforms) = preSolution
		Debug|Any CPU = Debug|Any CPU
		Release|Any CPU = Release|Any CPU
	EndGlobalSection
	GlobalSection(ProjectConfigurationPlatforms) = postSolution
		{62DFB77E-5B5C-4A25-BF1B-6F33A51D2E7E}.Debug|Any CPU.ActiveCfg = Debug|Any CPU
		{62DFB77E-5B5C-4A25-BF1B-6F33A51D2E7E}.Debug|Any CPU.Build.0 = Debug|Any CPU
		{62DFB77E-5B5C-4A25-BF1B-6F33A51D2E7E}.Release|Any CPU.ActiveCfg = Release|Any CPU
		{62DFB77E-5B5C-4A25-BF1B-6F33A51D2E7E}.Release|Any CPU.Build.0 = Release|Any CPU
	EndGlobalSection
	GlobalSection(SolutionProperties) = preSolution
		HideSolutionNode = FALSE
	EndGlobalSection
	GlobalSection(ExtensibilityGlobals) = postSolution
		SolutionGuid = {7D9B7335-9584-4690-9E7D-A0BF70FDFEC1}
	EndGlobalSection
EndGlobal
